
Microsoft Visual Studio Solution File, Format Version 12.00
# Visual Studio 15
VisualStudioVersion = 15.0.27004.2009
MinimumVisualStudioVersion = 10.0.40219.1
Project("{FAE04EC0-301F-11D3-BF4B-00C04F79EFBC}") = "Revrot.Main", "Revrot.Main\Revrot.Main.csproj", "{D98FA98D-7669-4380-9D13-8FD693EB7452}"
EndProject
Project("{FAE04EC0-301F-11D3-BF4B-00C04F79EFBC}") = "Revorot.Library", "Revorot.Library\Revorot.Library.csproj", "{C2B638A2-4FF6-4495-B136-EFD8AEF3E215}"
EndProject
Project("{FAE04EC0-301F-11D3-BF4B-00C04F79EFBC}") = "Revorot.Test", "Revorot.Test\Revorot.Test.csproj", "{5E969F50-9C13-42CC-9510-4F3CB7171F8E}"
EndProject
Global
	GlobalSection(SolutionConfigurationPlatforms) = preSolution
		Debug|Any CPU = Debug|Any CPU
		Release|Any CPU = Release|Any CPU
	EndGlobalSection
	GlobalSection(ProjectConfigurationPlatforms) = postSolution
		{D98FA98D-7669-4380-9D13-8FD693EB7452}.Debug|Any CPU.ActiveCfg = Debug|Any CPU
		{D98FA98D-7669-4380-9D13-8FD693EB7452}.Debug|Any CPU.Build.0 = Debug|Any CPU
		{D98FA98D-7669-4380-9D13-8FD693EB7452}.Release|Any CPU.ActiveCfg = Release|Any CPU
		{D98FA98D-7669-4380-9D13-8FD693EB7452}.Release|Any CPU.Build.0 = Release|Any CPU
		{C2B638A2-4FF6-4495-B136-EFD8AEF3E215}.Debug|Any CPU.ActiveCfg = Debug|Any CPU
		{C2B638A2-4FF6-4495-B136-EFD8AEF3E215}.Debug|Any CPU.Build.0 = Debug|Any CPU
		{C2B638A2-4FF6-4495-B136-EFD8AEF3E215}.Release|Any CPU.ActiveCfg = Release|Any CPU
		{C2B638A2-4FF6-4495-B136-EFD8AEF3E215}.Release|Any CPU.Build.0 = Release|Any CPU
		{5E969F50-9C13-42CC-9510-4F3CB7171F8E}.Debug|Any CPU.ActiveCfg = Debug|Any CPU
		{5E969F50-9C13-42CC-9510-4F3CB7171F8E}.Debug|Any CPU.Build.0 = Debug|Any CPU
		{5E969F50-9C13-42CC-9510-4F3CB7171F8E}.Release|Any CPU.ActiveCfg = Release|Any CPU
		{5E969F50-9C13-42CC-9510-4F3CB7171F8E}.Release|Any CPU.Build.0 = Release|Any CPU
	EndGlobalSection
	GlobalSection(SolutionProperties) = preSolution
		HideSolutionNode = FALSE
	EndGlobalSection
	GlobalSection(ExtensibilityGlobals) = postSolution
		SolutionGuid = {41AD1E5F-1BF0-4BFC-BA6F-9C5584E80E6D}
	EndGlobalSection
EndGlobal
